{
  "version": 4,
  "terraform_version": "0.13.5",
  "serial": 72,
  "lineage": "5033bec9-06da-2511-b080-c2bc13b8f36e",
  "outputs": {
    "name": {
      "value": [
        "my-droplet-0.meinit.nl"
      ],
      "type": [
        "tuple",
        [
          "string"
        ]
      ]
    }
  },
  "resources": [
    {
      "mode": "data",
      "type": "cloudflare_zones",
      "name": "default",
      "provider": "provider[\"registry.terraform.io/cloudflare/cloudflare\"]",
      "instances": [
        {
          "schema_version": 0,
          "attributes": {
            "filter": [
              {
                "lookup_type": "exact",
                "match": "",
                "name": "meinit.nl",
                "paused": false,
                "status": ""
              }
            ],
            "id": "2020-12-18 11:10:55.62574289 +0000 UTC",
            "zones": [
              {
                "id": "3cd2fd0a8e89c3b5d87d833d2501e905",
                "name": "meinit.nl"
              }
            ]
          }
        }
      ]
    },
    {
      "module": "module.droplet[0]",
      "mode": "managed",
      "type": "digitalocean_droplet",
      "name": "default",
      "provider": "provider[\"registry.terraform.io/digitalocean/digitalocean\"]",
      "instances": [
        {
          "schema_version": 1,
          "attributes": {
            "backups": false,
            "created_at": "2020-12-18T10:59:10Z",
            "disk": 80,
            "id": "222106515",
            "image": "fedora-33-x64",
            "ipv4_address": "159.65.203.49",
            "ipv4_address_private": "10.110.0.3",
            "ipv6": false,
            "ipv6_address": "",
            "locked": false,
            "memory": 4096,
            "monitoring": false,
            "name": "my-droplet-0",
            "price_hourly": 0.02976,
            "price_monthly": 20,
            "private_networking": true,
            "region": "ams3",
            "resize_disk": true,
            "size": "s-2vcpu-4gb",
            "ssh_keys": [
              "29229058"
            ],
            "status": "active",
            "tags": [],
            "urn": "do:droplet:222106515",
            "user_data": null,
            "vcpus": 2,
            "volume_ids": [],
            "vpc_uuid": "eb92aa31-641e-45e8-9606-b825de53848e"
          },
          "private": "eyJzY2hlbWFfdmVyc2lvbiI6IjEifQ==",
          "dependencies": [
            "module.ssh_key.digitalocean_ssh_key.default"
          ]
        }
      ]
    },
    {
      "module": "module.record[0]",
      "mode": "managed",
      "type": "cloudflare_record",
      "name": "default",
      "provider": "provider[\"registry.terraform.io/cloudflare/cloudflare\"]",
      "instances": [
        {
          "schema_version": 1,
          "attributes": {
            "created_on": "2020-12-18T10:59:43.586171Z",
            "data": {},
            "hostname": "my-droplet-0.meinit.nl",
            "id": "f24e36e26028030f55ebce9b902c1d6c",
            "metadata": {
              "auto_added": "false",
              "managed_by_apps": "false",
              "managed_by_argo_tunnel": "false",
              "source": "primary"
            },
            "modified_on": "2020-12-18T10:59:43.586171Z",
            "name": "my-droplet-0",
            "priority": 0,
            "proxiable": true,
            "proxied": false,
            "timeouts": null,
            "ttl": 1,
            "type": "A",
            "value": "159.65.203.49",
            "zone_id": "3cd2fd0a8e89c3b5d87d833d2501e905"
          },
          "private": "eyJlMmJmYjczMC1lY2FhLTExZTYtOGY4OC0zNDM2M2JjN2M0YzAiOnsiY3JlYXRlIjozMDAwMDAwMDAwMCwidXBkYXRlIjozMDAwMDAwMDAwMH0sInNjaGVtYV92ZXJzaW9uIjoiMSJ9",
          "dependencies": [
            "data.cloudflare_zones.default",
            "module.droplet.digitalocean_droplet.default",
            "module.ssh_key.digitalocean_ssh_key.default"
          ]
        }
      ]
    },
    {
      "module": "module.ssh_key",
      "mode": "managed",
      "type": "digitalocean_ssh_key",
      "name": "default",
      "provider": "provider[\"registry.terraform.io/digitalocean/digitalocean\"]",
      "instances": [
        {
          "schema_version": 0,
          "attributes": {
            "fingerprint": "93:08:6d:6d:5a:58:01:27:1e:1b:2e:3e:d9:14:5e:4b",
            "id": "29229058",
            "name": "Robert de Bock",
            "public_key": "ssh-rsa AAAAB3NzaC1yc2EAAAADAQABAAABAQCWswOogkZz/ihQA0lENCwDwSzmtmBWtFwzIzDlfa+eb4rBt6rZBg7enKeMqYtStI/NDneBwZUFBDIMu5zJTbvg7A60/WDhWXZmU21tZnm8K7KREFYOUndc6h//QHig6IIaIwwBZHF1NgXLtZ0qrUUlNU5JSEhDJsObMlPHtE4vFP8twPnfc7hxAnYma5+knU6qTMCDvhBE5tGJdor4UGeAhu+SwSVDloYtt1vGTmnFn8M/OD/fRMksusPefxyshJ37jpB4jY/Z9vzaNHwcj33prwl1b/xRfxr/+KRJsyq+ZKs9u2TVw9g4p+XLdfDtzZ8thR2P3x3MFrZOdFmCbo/5"
          },
          "private": "bnVsbA=="
        }
      ]
    }
  ]
}
